
Microsoft Visual Studio Solution File, Format Version 12.00
# Visual Studio Version 17
VisualStudioVersion = 17.14.36616.10 d17.14
MinimumVisualStudioVersion = 10.0.40219.1
Project("{FAE04EC0-301F-11D3-BF4B-00C04F79EFBC}") = "myCV", "myCV\myCV.csproj", "{74A15CC0-69B8-4CCB-935B-893E7580F4EF}"
EndProject
Global
	GlobalSection(SolutionConfigurationPlatforms) = preSolution
		Debug|Any CPU = Debug|Any CPU
		Release|Any CPU = Release|Any CPU
	EndGlobalSection
	GlobalSection(ProjectConfigurationPlatforms) = postSolution
		{74A15CC0-69B8-4CCB-935B-893E7580F4EF}.Debug|Any CPU.ActiveCfg = Debug|Any CPU
		{74A15CC0-69B8-4CCB-935B-893E7580F4EF}.Debug|Any CPU.Build.0 = Debug|Any CPU
		{74A15CC0-69B8-4CCB-935B-893E7580F4EF}.Release|Any CPU.ActiveCfg = Release|Any CPU
		{74A15CC0-69B8-4CCB-935B-893E7580F4EF}.Release|Any CPU.Build.0 = Release|Any CPU
	EndGlobalSection
	GlobalSection(SolutionProperties) = preSolution
		HideSolutionNode = FALSE
	EndGlobalSection
	GlobalSection(ExtensibilityGlobals) = postSolution
		SolutionGuid = {406D84B0-43D6-4F95-8306-AF554684C036}
	EndGlobalSection
EndGlobal
